
Microsoft Visual Studio Solution File, Format Version 12.00
# Visual Studio Version 17
VisualStudioVersion = 17.7.34221.43
MinimumVisualStudioVersion = 10.0.40219.1
Project("{FAE04EC0-301F-11D3-BF4B-00C04F79EFBC}") = "Assignment1", "Assignment1\Assignment1.csproj", "{8BA1A50E-D261-40A3-AC9A-CF8F16457648}"
EndProject
Project("{FAE04EC0-301F-11D3-BF4B-00C04F79EFBC}") = "Assigment1Test", "Assigment1Test\Assigment1Test.csproj", "{21C30AE1-E254-4C75-8DDB-B07BE7739ED1}"
EndProject
Global
	GlobalSection(SolutionConfigurationPlatforms) = preSolution
		Debug|Any CPU = Debug|Any CPU
		Release|Any CPU = Release|Any CPU
	EndGlobalSection
	GlobalSection(ProjectConfigurationPlatforms) = postSolution
		{8BA1A50E-D261-40A3-AC9A-CF8F16457648}.Debug|Any CPU.ActiveCfg = Debug|Any CPU
		{8BA1A50E-D261-40A3-AC9A-CF8F16457648}.Debug|Any CPU.Build.0 = Debug|Any CPU
		{8BA1A50E-D261-40A3-AC9A-CF8F16457648}.Release|Any CPU.ActiveCfg = Release|Any CPU
		{8BA1A50E-D261-40A3-AC9A-CF8F16457648}.Release|Any CPU.Build.0 = Release|Any CPU
		{21C30AE1-E254-4C75-8DDB-B07BE7739ED1}.Debug|Any CPU.ActiveCfg = Debug|Any CPU
		{21C30AE1-E254-4C75-8DDB-B07BE7739ED1}.Debug|Any CPU.Build.0 = Debug|Any CPU
		{21C30AE1-E254-4C75-8DDB-B07BE7739ED1}.Release|Any CPU.ActiveCfg = Release|Any CPU
		{21C30AE1-E254-4C75-8DDB-B07BE7739ED1}.Release|Any CPU.Build.0 = Release|Any CPU
	EndGlobalSection
	GlobalSection(SolutionProperties) = preSolution
		HideSolutionNode = FALSE
	EndGlobalSection
	GlobalSection(ExtensibilityGlobals) = postSolution
		SolutionGuid = {AE94FBC7-BCEC-4BA0-A20C-4DBC28A248DB}
	EndGlobalSection
EndGlobal
